
Microsoft Visual Studio Solution File, Format Version 12.00
# Visual Studio Version 16
VisualStudioVersion = 16.0.29613.14
MinimumVisualStudioVersion = 10.0.40219.1
Project("{9A19103F-16F7-4668-BE54-9A1E7A4F7556}") = "AuthMicroservice", "AuthMicroservice\AuthMicroservice.csproj", "{403B239B-DFA4-48CC-89D3-D238D5CE3542}"
EndProject
Project("{9A19103F-16F7-4668-BE54-9A1E7A4F7556}") = "OcelotApigateway", "OcelotApigateway\OcelotApigateway.csproj", "{B704B2F2-04B1-4DFE-8F1E-C995C1D616B9}"
EndProject
Project("{9A19103F-16F7-4668-BE54-9A1E7A4F7556}") = "DataAccess", "DataAccess\DataAccess.csproj", "{9F26BFC0-FC29-4FE7-9928-C4684698BCB5}"
EndProject
Project("{9A19103F-16F7-4668-BE54-9A1E7A4F7556}") = "MainMicroservice", "MainMicroservice\MainMicroservice.csproj", "{5D3CC927-0DF0-46CC-B6C6-4AF636575316}"
EndProject
Project("{FAE04EC0-301F-11D3-BF4B-00C04F79EFBC}") = "WebApp.Admin", "WebApp.Admin\WebApp.Admin.csproj", "{F8A4CA0A-9B3A-46EB-849F-328A0B09A34E}"
EndProject
Project("{FAE04EC0-301F-11D3-BF4B-00C04F79EFBC}") = "WebApp.User", "WebApp.User\WebApp.User.csproj", "{34880155-FF8B-4B24-A0AF-D8899CE4427B}"
EndProject
Global
	GlobalSection(SolutionConfigurationPlatforms) = preSolution
		Debug|Any CPU = Debug|Any CPU
		Release|Any CPU = Release|Any CPU
	EndGlobalSection
	GlobalSection(ProjectConfigurationPlatforms) = postSolution
		{403B239B-DFA4-48CC-89D3-D238D5CE3542}.Debug|Any CPU.ActiveCfg = Debug|Any CPU
		{403B239B-DFA4-48CC-89D3-D238D5CE3542}.Debug|Any CPU.Build.0 = Debug|Any CPU
		{403B239B-DFA4-48CC-89D3-D238D5CE3542}.Release|Any CPU.ActiveCfg = Release|Any CPU
		{403B239B-DFA4-48CC-89D3-D238D5CE3542}.Release|Any CPU.Build.0 = Release|Any CPU
		{B704B2F2-04B1-4DFE-8F1E-C995C1D616B9}.Debug|Any CPU.ActiveCfg = Debug|Any CPU
		{B704B2F2-04B1-4DFE-8F1E-C995C1D616B9}.Debug|Any CPU.Build.0 = Debug|Any CPU
		{B704B2F2-04B1-4DFE-8F1E-C995C1D616B9}.Release|Any CPU.ActiveCfg = Release|Any CPU
		{B704B2F2-04B1-4DFE-8F1E-C995C1D616B9}.Release|Any CPU.Build.0 = Release|Any CPU
		{9F26BFC0-FC29-4FE7-9928-C4684698BCB5}.Debug|Any CPU.ActiveCfg = Debug|Any CPU
		{9F26BFC0-FC29-4FE7-9928-C4684698BCB5}.Debug|Any CPU.Build.0 = Debug|Any CPU
		{9F26BFC0-FC29-4FE7-9928-C4684698BCB5}.Release|Any CPU.ActiveCfg = Release|Any CPU
		{9F26BFC0-FC29-4FE7-9928-C4684698BCB5}.Release|Any CPU.Build.0 = Release|Any CPU
		{5D3CC927-0DF0-46CC-B6C6-4AF636575316}.Debug|Any CPU.ActiveCfg = Debug|Any CPU
		{5D3CC927-0DF0-46CC-B6C6-4AF636575316}.Debug|Any CPU.Build.0 = Debug|Any CPU
		{5D3CC927-0DF0-46CC-B6C6-4AF636575316}.Release|Any CPU.ActiveCfg = Release|Any CPU
		{5D3CC927-0DF0-46CC-B6C6-4AF636575316}.Release|Any CPU.Build.0 = Release|Any CPU
		{F8A4CA0A-9B3A-46EB-849F-328A0B09A34E}.Debug|Any CPU.ActiveCfg = Debug|Any CPU
		{F8A4CA0A-9B3A-46EB-849F-328A0B09A34E}.Debug|Any CPU.Build.0 = Debug|Any CPU
		{F8A4CA0A-9B3A-46EB-849F-328A0B09A34E}.Release|Any CPU.ActiveCfg = Release|Any CPU
		{F8A4CA0A-9B3A-46EB-849F-328A0B09A34E}.Release|Any CPU.Build.0 = Release|Any CPU
		{34880155-FF8B-4B24-A0AF-D8899CE4427B}.Debug|Any CPU.ActiveCfg = Debug|Any CPU
		{34880155-FF8B-4B24-A0AF-D8899CE4427B}.Debug|Any CPU.Build.0 = Debug|Any CPU
		{34880155-FF8B-4B24-A0AF-D8899CE4427B}.Release|Any CPU.ActiveCfg = Release|Any CPU
		{34880155-FF8B-4B24-A0AF-D8899CE4427B}.Release|Any CPU.Build.0 = Release|Any CPU
	EndGlobalSection
	GlobalSection(SolutionProperties) = preSolution
		HideSolutionNode = FALSE
	EndGlobalSection
	GlobalSection(ExtensibilityGlobals) = postSolution
		SolutionGuid = {423B6065-21E1-4761-A40C-CC7D26AB14D3}
	EndGlobalSection
EndGlobal
